
Microsoft Visual Studio Solution File, Format Version 12.00
# Visual Studio Version 17
VisualStudioVersion = 17.0.31903.59
MinimumVisualStudioVersion = 10.0.40219.1
Project("{2150E333-8FDC-42A3-9474-1A3956D46DE8}") = "src", "src", "{827E0CD3-B72D-47B6-A68D-7590B98EB39B}"
EndProject
Project("{FAE04EC0-301F-11D3-BF4B-00C04F79EFBC}") = "DocumentQA.Api", "src\DocumentQA.Api\DocumentQA.Api.csproj", "{4B30BDE3-9977-4FC3-B803-E188E1F334CF}"
EndProject
Project("{FAE04EC0-301F-11D3-BF4B-00C04F79EFBC}") = "DocumentQA.Application", "src\DocumentQA.Application\DocumentQA.Application.csproj", "{8B60BEAD-0EEF-43A3-8D0C-C687139268FD}"
EndProject
Project("{FAE04EC0-301F-11D3-BF4B-00C04F79EFBC}") = "DocumentQA.Domain", "src\DocumentQA.Domain\DocumentQA.Domain.csproj", "{D65D2428-13F2-4A6B-BF42-DC2505DDBC78}"
EndProject
Project("{FAE04EC0-301F-11D3-BF4B-00C04F79EFBC}") = "DocumentQA.Infrastructure", "src\DocumentQA.Infrastructure\DocumentQA.Infrastructure.csproj", "{EC24F24F-C6C9-448E-A122-C39C2EDC62EB}"
EndProject
Project("{2150E333-8FDC-42A3-9474-1A3956D46DE8}") = "tests", "tests", "{0AB3BF05-4346-4AA6-1389-037BE0695223}"
EndProject
Project("{FAE04EC0-301F-11D3-BF4B-00C04F79EFBC}") = "DocumentQA.UnitTests", "tests\DocumentQA.UnitTests\DocumentQA.UnitTests.csproj", "{8162A7D7-9A63-4957-9BA6-5C4C2516A9D8}"
EndProject
Project("{FAE04EC0-301F-11D3-BF4B-00C04F79EFBC}") = "DocumentQA.IntegrationTests", "tests\DocumentQA.IntegrationTests\DocumentQA.IntegrationTests.csproj", "{A0365192-DDE7-41A9-AC2F-43E74A33A652}"
EndProject
Global
	GlobalSection(SolutionConfigurationPlatforms) = preSolution
		Debug|Any CPU = Debug|Any CPU
		Debug|x64 = Debug|x64
		Debug|x86 = Debug|x86
		Release|Any CPU = Release|Any CPU
		Release|x64 = Release|x64
		Release|x86 = Release|x86
	EndGlobalSection
	GlobalSection(ProjectConfigurationPlatforms) = postSolution
		{4B30BDE3-9977-4FC3-B803-E188E1F334CF}.Debug|Any CPU.ActiveCfg = Debug|Any CPU
		{4B30BDE3-9977-4FC3-B803-E188E1F334CF}.Debug|Any CPU.Build.0 = Debug|Any CPU
		{4B30BDE3-9977-4FC3-B803-E188E1F334CF}.Debug|x64.ActiveCfg = Debug|Any CPU
		{4B30BDE3-9977-4FC3-B803-E188E1F334CF}.Debug|x64.Build.0 = Debug|Any CPU
		{4B30BDE3-9977-4FC3-B803-E188E1F334CF}.Debug|x86.ActiveCfg = Debug|Any CPU
		{4B30BDE3-9977-4FC3-B803-E188E1F334CF}.Debug|x86.Build.0 = Debug|Any CPU
		{4B30BDE3-9977-4FC3-B803-E188E1F334CF}.Release|Any CPU.ActiveCfg = Release|Any CPU
		{4B30BDE3-9977-4FC3-B803-E188E1F334CF}.Release|Any CPU.Build.0 = Release|Any CPU
		{4B30BDE3-9977-4FC3-B803-E188E1F334CF}.Release|x64.ActiveCfg = Release|Any CPU
		{4B30BDE3-9977-4FC3-B803-E188E1F334CF}.Release|x64.Build.0 = Release|Any CPU
		{4B30BDE3-9977-4FC3-B803-E188E1F334CF}.Release|x86.ActiveCfg = Release|Any CPU
		{4B30BDE3-9977-4FC3-B803-E188E1F334CF}.Release|x86.Build.0 = Release|Any CPU
		{8B60BEAD-0EEF-43A3-8D0C-C687139268FD}.Debug|Any CPU.ActiveCfg = Debug|Any CPU
		{8B60BEAD-0EEF-43A3-8D0C-C687139268FD}.Debug|Any CPU.Build.0 = Debug|Any CPU
		{8B60BEAD-0EEF-43A3-8D0C-C687139268FD}.Debug|x64.ActiveCfg = Debug|Any CPU
		{8B60BEAD-0EEF-43A3-8D0C-C687139268FD}.Debug|x64.Build.0 = Debug|Any CPU
		{8B60BEAD-0EEF-43A3-8D0C-C687139268FD}.Debug|x86.ActiveCfg = Debug|Any CPU
		{8B60BEAD-0EEF-43A3-8D0C-C687139268FD}.Debug|x86.Build.0 = Debug|Any CPU
		{8B60BEAD-0EEF-43A3-8D0C-C687139268FD}.Release|Any CPU.ActiveCfg = Release|Any CPU
		{8B60BEAD-0EEF-43A3-8D0C-C687139268FD}.Release|Any CPU.Build.0 = Release|Any CPU
		{8B60BEAD-0EEF-43A3-8D0C-C687139268FD}.Release|x64.ActiveCfg = Release|Any CPU
		{8B60BEAD-0EEF-43A3-8D0C-C687139268FD}.Release|x64.Build.0 = Release|Any CPU
		{8B60BEAD-0EEF-43A3-8D0C-C687139268FD}.Release|x86.ActiveCfg = Release|Any CPU
		{8B60BEAD-0EEF-43A3-8D0C-C687139268FD}.Release|x86.Build.0 = Release|Any CPU
		{D65D2428-13F2-4A6B-BF42-DC2505DDBC78}.Debug|Any CPU.ActiveCfg = Debug|Any CPU
		{D65D2428-13F2-4A6B-BF42-DC2505DDBC78}.Debug|Any CPU.Build.0 = Debug|Any CPU
		{D65D2428-13F2-4A6B-BF42-DC2505DDBC78}.Debug|x64.ActiveCfg = Debug|Any CPU
		{D65D2428-13F2-4A6B-BF42-DC2505DDBC78}.Debug|x64.Build.0 = Debug|Any CPU
		{D65D2428-13F2-4A6B-BF42-DC2505DDBC78}.Debug|x86.ActiveCfg = Debug|Any CPU
		{D65D2428-13F2-4A6B-BF42-DC2505DDBC78}.Debug|x86.Build.0 = Debug|Any CPU
		{D65D2428-13F2-4A6B-BF42-DC2505DDBC78}.Release|Any CPU.ActiveCfg = Release|Any CPU
		{D65D2428-13F2-4A6B-BF42-DC2505DDBC78}.Release|Any CPU.Build.0 = Release|Any CPU
		{D65D2428-13F2-4A6B-BF42-DC2505DDBC78}.Release|x64.ActiveCfg = Release|Any CPU
		{D65D2428-13F2-4A6B-BF42-DC2505DDBC78}.Release|x64.Build.0 = Release|Any CPU
		{D65D2428-13F2-4A6B-BF42-DC2505DDBC78}.Release|x86.ActiveCfg = Release|Any CPU
		{D65D2428-13F2-4A6B-BF42-DC2505DDBC78}.Release|x86.Build.0 = Release|Any CPU
		{EC24F24F-C6C9-448E-A122-C39C2EDC62EB}.Debug|Any CPU.ActiveCfg = Debug|Any CPU
		{EC24F24F-C6C9-448E-A122-C39C2EDC62EB}.Debug|Any CPU.Build.0 = Debug|Any CPU
		{EC24F24F-C6C9-448E-A122-C39C2EDC62EB}.Debug|x64.ActiveCfg = Debug|Any CPU
		{EC24F24F-C6C9-448E-A122-C39C2EDC62EB}.Debug|x64.Build.0 = Debug|Any CPU
		{EC24F24F-C6C9-448E-A122-C39C2EDC62EB}.Debug|x86.ActiveCfg = Debug|Any CPU
		{EC24F24F-C6C9-448E-A122-C39C2EDC62EB}.Debug|x86.Build.0 = Debug|Any CPU
		{EC24F24F-C6C9-448E-A122-C39C2EDC62EB}.Release|Any CPU.ActiveCfg = Release|Any CPU
		{EC24F24F-C6C9-448E-A122-C39C2EDC62EB}.Release|Any CPU.Build.0 = Release|Any CPU
		{EC24F24F-C6C9-448E-A122-C39C2EDC62EB}.Release|x64.ActiveCfg = Release|Any CPU
		{EC24F24F-C6C9-448E-A122-C39C2EDC62EB}.Release|x64.Build.0 = Release|Any CPU
		{EC24F24F-C6C9-448E-A122-C39C2EDC62EB}.Release|x86.ActiveCfg = Release|Any CPU
		{EC24F24F-C6C9-448E-A122-C39C2EDC62EB}.Release|x86.Build.0 = Release|Any CPU
		{8162A7D7-9A63-4957-9BA6-5C4C2516A9D8}.Debug|Any CPU.ActiveCfg = Debug|Any CPU
		{8162A7D7-9A63-4957-9BA6-5C4C2516A9D8}.Debug|Any CPU.Build.0 = Debug|Any CPU
		{8162A7D7-9A63-4957-9BA6-5C4C2516A9D8}.Debug|x64.ActiveCfg = Debug|Any CPU
		{8162A7D7-9A63-4957-9BA6-5C4C2516A9D8}.Debug|x64.Build.0 = Debug|Any CPU
		{8162A7D7-9A63-4957-9BA6-5C4C2516A9D8}.Debug|x86.ActiveCfg = Debug|Any CPU
		{8162A7D7-9A63-4957-9BA6-5C4C2516A9D8}.Debug|x86.Build.0 = Debug|Any CPU
		{8162A7D7-9A63-4957-9BA6-5C4C2516A9D8}.Release|Any CPU.ActiveCfg = Release|Any CPU
		{8162A7D7-9A63-4957-9BA6-5C4C2516A9D8}.Release|Any CPU.Build.0 = Release|Any CPU
		{8162A7D7-9A63-4957-9BA6-5C4C2516A9D8}.Release|x64.ActiveCfg = Release|Any CPU
		{8162A7D7-9A63-4957-9BA6-5C4C2516A9D8}.Release|x64.Build.0 = Release|Any CPU
		{8162A7D7-9A63-4957-9BA6-5C4C2516A9D8}.Release|x86.ActiveCfg = Release|Any CPU
		{8162A7D7-9A63-4957-9BA6-5C4C2516A9D8}.Release|x86.Build.0 = Release|Any CPU
		{A0365192-DDE7-41A9-AC2F-43E74A33A652}.Debug|Any CPU.ActiveCfg = Debug|Any CPU
		{A0365192-DDE7-41A9-AC2F-43E74A33A652}.Debug|Any CPU.Build.0 = Debug|Any CPU
		{A0365192-DDE7-41A9-AC2F-43E74A33A652}.Debug|x64.ActiveCfg = Debug|Any CPU
		{A0365192-DDE7-41A9-AC2F-43E74A33A652}.Debug|x64.Build.0 = Debug|Any CPU
		{A0365192-DDE7-41A9-AC2F-43E74A33A652}.Debug|x86.ActiveCfg = Debug|Any CPU
		{A0365192-DDE7-41A9-AC2F-43E74A33A652}.Debug|x86.Build.0 = Debug|Any CPU
		{A0365192-DDE7-41A9-AC2F-43E74A33A652}.Release|Any CPU.ActiveCfg = Release|Any CPU
		{A0365192-DDE7-41A9-AC2F-43E74A33A652}.Release|Any CPU.Build.0 = Release|Any CPU
		{A0365192-DDE7-41A9-AC2F-43E74A33A652}.Release|x64.ActiveCfg = Release|Any CPU
		{A0365192-DDE7-41A9-AC2F-43E74A33A652}.Release|x64.Build.0 = Release|Any CPU
		{A0365192-DDE7-41A9-AC2F-43E74A33A652}.Release|x86.ActiveCfg = Release|Any CPU
		{A0365192-DDE7-41A9-AC2F-43E74A33A652}.Release|x86.Build.0 = Release|Any CPU
	EndGlobalSection
	GlobalSection(SolutionProperties) = preSolution
		HideSolutionNode = FALSE
	EndGlobalSection
	GlobalSection(NestedProjects) = preSolution
		{4B30BDE3-9977-4FC3-B803-E188E1F334CF} = {827E0CD3-B72D-47B6-A68D-7590B98EB39B}
		{8B60BEAD-0EEF-43A3-8D0C-C687139268FD} = {827E0CD3-B72D-47B6-A68D-7590B98EB39B}
		{D65D2428-13F2-4A6B-BF42-DC2505DDBC78} = {827E0CD3-B72D-47B6-A68D-7590B98EB39B}
		{EC24F24F-C6C9-448E-A122-C39C2EDC62EB} = {827E0CD3-B72D-47B6-A68D-7590B98EB39B}
		{8162A7D7-9A63-4957-9BA6-5C4C2516A9D8} = {0AB3BF05-4346-4AA6-1389-037BE0695223}
		{A0365192-DDE7-41A9-AC2F-43E74A33A652} = {0AB3BF05-4346-4AA6-1389-037BE0695223}
	EndGlobalSection
EndGlobal
